
Microsoft Visual Studio Solution File, Format Version 12.00
# Visual Studio Version 16
VisualStudioVersion = 16.0.29123.88
MinimumVisualStudioVersion = 10.0.40219.1
Project("{FAE04EC0-301F-11D3-BF4B-00C04F79EFBC}") = "TrainingInformation", "TrainingInformation\TrainingInformation.csproj", "{13CA3772-F217-42F9-8073-E23C8BBD803D}"
EndProject
Global
	GlobalSection(SolutionConfigurationPlatforms) = preSolution
		Debug|Any CPU = Debug|Any CPU
		Release|Any CPU = Release|Any CPU
	EndGlobalSection
	GlobalSection(ProjectConfigurationPlatforms) = postSolution
		{13CA3772-F217-42F9-8073-E23C8BBD803D}.Debug|Any CPU.ActiveCfg = Debug|Any CPU
		{13CA3772-F217-42F9-8073-E23C8BBD803D}.Debug|Any CPU.Build.0 = Debug|Any CPU
		{13CA3772-F217-42F9-8073-E23C8BBD803D}.Release|Any CPU.ActiveCfg = Release|Any CPU
		{13CA3772-F217-42F9-8073-E23C8BBD803D}.Release|Any CPU.Build.0 = Release|Any CPU
	EndGlobalSection
	GlobalSection(SolutionProperties) = preSolution
		HideSolutionNode = FALSE
	EndGlobalSection
	GlobalSection(ExtensibilityGlobals) = postSolution
		SolutionGuid = {26F4A357-2F19-4D8B-A6CC-6114FD36F484}
	EndGlobalSection
EndGlobal
